
Microsoft Visual Studio Solution File, Format Version 12.00
# Visual Studio 2012
Project("{CC5FD16D-436D-48AD-A40C-5A424C6E3E79}") = "AzureCloudOCR", "AzureCloudOCR.ccproj", "{84B1E1D1-831F-45E4-A54C-C87F147D02EF}"
EndProject
Project("{FAE04EC0-301F-11D3-BF4B-00C04F79EFBC}") = "WebRole", "WebRole\WebRole.csproj", "{2708C8AF-11F6-4CC7-AE61-22AD5D90A128}"
EndProject
Project("{FAE04EC0-301F-11D3-BF4B-00C04F79EFBC}") = "OCRWorkerRole", "OCRWorkerRole\OCRWorkerRole.csproj", "{0AA9D275-04EC-4B12-910D-7EFF69E4DDB6}"
EndProject
Global
	GlobalSection(SolutionConfigurationPlatforms) = preSolution
		Debug|Any CPU = Debug|Any CPU
		Release|Any CPU = Release|Any CPU
	EndGlobalSection
	GlobalSection(ProjectConfigurationPlatforms) = postSolution
		{84B1E1D1-831F-45E4-A54C-C87F147D02EF}.Debug|Any CPU.ActiveCfg = Debug|Any CPU
		{84B1E1D1-831F-45E4-A54C-C87F147D02EF}.Debug|Any CPU.Build.0 = Debug|Any CPU
		{84B1E1D1-831F-45E4-A54C-C87F147D02EF}.Release|Any CPU.ActiveCfg = Release|Any CPU
		{84B1E1D1-831F-45E4-A54C-C87F147D02EF}.Release|Any CPU.Build.0 = Release|Any CPU
		{2708C8AF-11F6-4CC7-AE61-22AD5D90A128}.Debug|Any CPU.ActiveCfg = Debug|Any CPU
		{2708C8AF-11F6-4CC7-AE61-22AD5D90A128}.Debug|Any CPU.Build.0 = Debug|Any CPU
		{2708C8AF-11F6-4CC7-AE61-22AD5D90A128}.Release|Any CPU.ActiveCfg = Release|Any CPU
		{2708C8AF-11F6-4CC7-AE61-22AD5D90A128}.Release|Any CPU.Build.0 = Release|Any CPU
		{0AA9D275-04EC-4B12-910D-7EFF69E4DDB6}.Debug|Any CPU.ActiveCfg = Debug|Any CPU
		{0AA9D275-04EC-4B12-910D-7EFF69E4DDB6}.Debug|Any CPU.Build.0 = Debug|Any CPU
		{0AA9D275-04EC-4B12-910D-7EFF69E4DDB6}.Release|Any CPU.ActiveCfg = Release|Any CPU
		{0AA9D275-04EC-4B12-910D-7EFF69E4DDB6}.Release|Any CPU.Build.0 = Release|Any CPU
	EndGlobalSection
	GlobalSection(SolutionProperties) = preSolution
		HideSolutionNode = FALSE
	EndGlobalSection
EndGlobal
